
Microsoft Visual Studio Solution File, Format Version 12.00
# Visual Studio Version 16
VisualStudioVersion = 16.0.31005.135
MinimumVisualStudioVersion = 10.0.40219.1
Project("{FAE04EC0-301F-11D3-BF4B-00C04F79EFBC}") = "CMSI_lr7", "CMSI_lr7\CMSI_lr7.csproj", "{4F92C61E-302C-425A-A751-235C49EB5EA1}"
EndProject
Global
	GlobalSection(SolutionConfigurationPlatforms) = preSolution
		Debug|Any CPU = Debug|Any CPU
		Release|Any CPU = Release|Any CPU
	EndGlobalSection
	GlobalSection(ProjectConfigurationPlatforms) = postSolution
		{4F92C61E-302C-425A-A751-235C49EB5EA1}.Debug|Any CPU.ActiveCfg = Debug|Any CPU
		{4F92C61E-302C-425A-A751-235C49EB5EA1}.Debug|Any CPU.Build.0 = Debug|Any CPU
		{4F92C61E-302C-425A-A751-235C49EB5EA1}.Release|Any CPU.ActiveCfg = Release|Any CPU
		{4F92C61E-302C-425A-A751-235C49EB5EA1}.Release|Any CPU.Build.0 = Release|Any CPU
	EndGlobalSection
	GlobalSection(SolutionProperties) = preSolution
		HideSolutionNode = FALSE
	EndGlobalSection
	GlobalSection(ExtensibilityGlobals) = postSolution
		SolutionGuid = {4CED369F-3D4D-43B1-BD79-F96DC774C604}
	EndGlobalSection
EndGlobal
